
Microsoft Visual Studio Solution File, Format Version 12.00
# Visual Studio 15
VisualStudioVersion = 15.0.27130.2036
MinimumVisualStudioVersion = 10.0.40219.1
Project("{FAE04EC0-301F-11D3-BF4B-00C04F79EFBC}") = "CbClass", "CBClass\CbClass.csproj", "{499DEC1E-DCB3-465B-8199-942A3F725B03}"
EndProject
Project("{FAE04EC0-301F-11D3-BF4B-00C04F79EFBC}") = "PapApplication", "PapApplication\PapApplication.csproj", "{3EDBD1B0-B16B-449F-BDB1-A8175900F650}"
EndProject
Global
	GlobalSection(SolutionConfigurationPlatforms) = preSolution
		Debug|Any CPU = Debug|Any CPU
		Release|Any CPU = Release|Any CPU
	EndGlobalSection
	GlobalSection(ProjectConfigurationPlatforms) = postSolution
		{499DEC1E-DCB3-465B-8199-942A3F725B03}.Debug|Any CPU.ActiveCfg = Debug|Any CPU
		{499DEC1E-DCB3-465B-8199-942A3F725B03}.Debug|Any CPU.Build.0 = Debug|Any CPU
		{499DEC1E-DCB3-465B-8199-942A3F725B03}.Release|Any CPU.ActiveCfg = Release|Any CPU
		{499DEC1E-DCB3-465B-8199-942A3F725B03}.Release|Any CPU.Build.0 = Release|Any CPU
		{3EDBD1B0-B16B-449F-BDB1-A8175900F650}.Debug|Any CPU.ActiveCfg = Debug|Any CPU
		{3EDBD1B0-B16B-449F-BDB1-A8175900F650}.Debug|Any CPU.Build.0 = Debug|Any CPU
		{3EDBD1B0-B16B-449F-BDB1-A8175900F650}.Release|Any CPU.ActiveCfg = Release|Any CPU
		{3EDBD1B0-B16B-449F-BDB1-A8175900F650}.Release|Any CPU.Build.0 = Release|Any CPU
	EndGlobalSection
	GlobalSection(SolutionProperties) = preSolution
		HideSolutionNode = FALSE
	EndGlobalSection
	GlobalSection(ExtensibilityGlobals) = postSolution
		SolutionGuid = {39BE7E35-9BF1-4E05-AECF-B597CDECA2A1}
	EndGlobalSection
EndGlobal
